// !$*UTF8*$!
{
	archiveVersion = 1;
	classes = {
	};
	objectVersion = 46;
	objects = {

/* Begin PBXBuildFile section */
		664A26E614E3417F00C297E6 /* Serenity.bundle in Resources */ = {isa = PBXBuildFile; fileRef = 664A26C614E3361500C297E6 /* Serenity.bundle */; };
		66F5F14B14DB3B300068FD20 /* UIKit.framework in Frameworks */ = {isa = PBXBuildFile; fileRef = 66F5F14A14DB3B300068FD20 /* UIKit.framework */; };
		66F5F14D14DB3B310068FD20 /* Foundation.framework in Frameworks */ = {isa = PBXBuildFile; fileRef = 66F5F14C14DB3B300068FD20 /* Foundation.framework */; };
		66F5F14F14DB3B310068FD20 /* CoreGraphics.framework in Frameworks */ = {isa = PBXBuildFile; fileRef = 66F5F14E14DB3B310068FD20 /* CoreGraphics.framework */; };
		66F5F15514DB3B310068FD20 /* InfoPlist.strings in Resources */ = {isa = PBXBuildFile; fileRef = 66F5F15314DB3B310068FD20 /* InfoPlist.strings */; };
		66F5F15714DB3B310068FD20 /* main.m in Sources */ = {isa = PBXBuildFile; fileRef = 66F5F15614DB3B310068FD20 /* main.m */; };
		66F5F15B14DB3B310068FD20 /* AppDelegate.m in Sources */ = {isa = PBXBuildFile; fileRef = 66F5F15A14DB3B310068FD20 /* AppDelegate.m */; };
		66F5F16F14DB3D820068FD20 /* libSerenity.a in Frameworks */ = {isa = PBXBuildFile; fileRef = 66F5F16A14DB3B380068FD20 /* libSerenity.a */; };
/* End PBXBuildFile section */

/* Begin PBXContainerItemProxy section */
		664A26C514E3361500C297E6 /* PBXContainerItemProxy */ = {
			isa = PBXContainerItemProxy;
			containerPortal = 66F5F16114DB3B380068FD20 /* Serenity.xcodeproj */;
			proxyType = 2;
			remoteGlobalIDString = 664A269514E3265400C297E6;
			remoteInfo = SerenityResources;
		};
		664A26E314E33A7500C297E6 /* PBXContainerItemProxy */ = {
			isa = PBXContainerItemProxy;
			containerPortal = 66F5F16114DB3B380068FD20 /* Serenity.xcodeproj */;
			proxyType = 1;
			remoteGlobalIDString = 664A269414E3265400C297E6;
			remoteInfo = SerenityResources;
		};
		66F5F16914DB3B380068FD20 /* PBXContainerItemProxy */ = {
			isa = PBXContainerItemProxy;
			containerPortal = 66F5F16114DB3B380068FD20 /* Serenity.xcodeproj */;
			proxyType = 2;
			remoteGlobalIDString = 66E8B6D314D899500074EAA4;
			remoteInfo = Serenity;
		};
		66F5F16D14DB3D0F0068FD20 /* PBXContainerItemProxy */ = {
			isa = PBXContainerItemProxy;
			containerPortal = 66F5F16114DB3B380068FD20 /* Serenity.xcodeproj */;
			proxyType = 1;
			remoteGlobalIDString = 66E8B6D214D899500074EAA4;
			remoteInfo = Serenity;
		};
/* End PBXContainerItemProxy section */

/* Begin PBXFileReference section */
		66F5F14614DB3B300068FD20 /* DependentApp.app */ = {isa = PBXFileReference; explicitFileType = wrapper.application; includeInIndex = 0; path = DependentApp.app; sourceTree = BUILT_PRODUCTS_DIR; };
		66F5F14A14DB3B300068FD20 /* UIKit.framework */ = {isa = PBXFileReference; lastKnownFileType = wrapper.framework; name = UIKit.framework; path = System/Library/Frameworks/UIKit.framework; sourceTree = SDKROOT; };
		66F5F14C14DB3B300068FD20 /* Foundation.framework */ = {isa = PBXFileReference; lastKnownFileType = wrapper.framework; name = Foundation.framework; path = System/Library/Frameworks/Foundation.framework; sourceTree = SDKROOT; };
		66F5F14E14DB3B310068FD20 /* CoreGraphics.framework */ = {isa = PBXFileReference; lastKnownFileType = wrapper.framework; name = CoreGraphics.framework; path = System/Library/Frameworks/CoreGraphics.framework; sourceTree = SDKROOT; };
		66F5F15214DB3B310068FD20 /* DependentApp-Info.plist */ = {isa = PBXFileReference; lastKnownFileType = text.plist.xml; path = "DependentApp-Info.plist"; sourceTree = "<group>"; };
		66F5F15414DB3B310068FD20 /* en */ = {isa = PBXFileReference; lastKnownFileType = text.plist.strings; name = en; path = en.lproj/InfoPlist.strings; sourceTree = "<group>"; };
		66F5F15614DB3B310068FD20 /* main.m */ = {isa = PBXFileReference; lastKnownFileType = sourcecode.c.objc; path = main.m; sourceTree = "<group>"; };
		66F5F15814DB3B310068FD20 /* DependentApp-Prefix.pch */ = {isa = PBXFileReference; lastKnownFileType = sourcecode.c.h; path = "DependentApp-Prefix.pch"; sourceTree = "<group>"; };
		66F5F15914DB3B310068FD20 /* AppDelegate.h */ = {isa = PBXFileReference; lastKnownFileType = sourcecode.c.h; path = AppDelegate.h; sourceTree = "<group>"; };
		66F5F15A14DB3B310068FD20 /* AppDelegate.m */ = {isa = PBXFileReference; lastKnownFileType = sourcecode.c.objc; path = AppDelegate.m; sourceTree = "<group>"; };
		66F5F16114DB3B380068FD20 /* Serenity.xcodeproj */ = {isa = PBXFileReference; lastKnownFileType = "wrapper.pb-project"; name = Serenity.xcodeproj; path = ../Serenity/Serenity.xcodeproj; sourceTree = "<group>"; };
/* End PBXFileReference section */

/* Begin PBXFrameworksBuildPhase section */
		66F5F14314DB3B300068FD20 /* Frameworks */ = {
			isa = PBXFrameworksBuildPhase;
			buildActionMask = 2147483647;
			files = (
				66F5F16F14DB3D820068FD20 /* libSerenity.a in Frameworks */,
				66F5F14B14DB3B300068FD20 /* UIKit.framework in Frameworks */,
				66F5F14D14DB3B310068FD20 /* Foundation.framework in Frameworks */,
				66F5F14F14DB3B310068FD20 /* CoreGraphics.framework in Frameworks */,
			);
			runOnlyForDeploymentPostprocessing = 0;
		};
/* End PBXFrameworksBuildPhase section */

/* Begin PBXGroup section */
		66F5F13B14DB3B300068FD20 = {
			isa = PBXGroup;
			children = (
				66F5F15014DB3B310068FD20 /* DependentApp */,
				66F5F14914DB3B300068FD20 /* Frameworks */,
				66F5F14714DB3B300068FD20 /* Products */,
			);
			sourceTree = "<group>";
		};
		66F5F14714DB3B300068FD20 /* Products */ = {
			isa = PBXGroup;
			children = (
				66F5F14614DB3B300068FD20 /* DependentApp.app */,
			);
			name = Products;
			sourceTree = "<group>";
		};
		66F5F14914DB3B300068FD20 /* Frameworks */ = {
			isa = PBXGroup;
			children = (
				66F5F16114DB3B380068FD20 /* Serenity.xcodeproj */,
				66F5F14A14DB3B300068FD20 /* UIKit.framework */,
				66F5F14C14DB3B300068FD20 /* Foundation.framework */,
				66F5F14E14DB3B310068FD20 /* CoreGraphics.framework */,
			);
			name = Frameworks;
			sourceTree = "<group>";
		};
		66F5F15014DB3B310068FD20 /* DependentApp */ = {
			isa = PBXGroup;
			children = (
				66F5F15914DB3B310068FD20 /* AppDelegate.h */,
				66F5F15A14DB3B310068FD20 /* AppDelegate.m */,
				66F5F15114DB3B310068FD20 /* Supporting Files */,
			);
			path = DependentApp;
			sourceTree = "<group>";
		};
		66F5F15114DB3B310068FD20 /* Supporting Files */ = {
			isa = PBXGroup;
			children = (
				66F5F15214DB3B310068FD20 /* DependentApp-Info.plist */,
				66F5F15314DB3B310068FD20 /* InfoPlist.strings */,
				66F5F15614DB3B310068FD20 /* main.m */,
				66F5F15814DB3B310068FD20 /* DependentApp-Prefix.pch */,
			);
			name = "Supporting Files";
			sourceTree = "<group>";
		};
		66F5F16214DB3B380068FD20 /* Products */ = {
			isa = PBXGroup;
			children = (
				66F5F16A14DB3B380068FD20 /* libSerenity.a */,
				664A26C614E3361500C297E6 /* Serenity.bundle */,
			);
			name = Products;
			sourceTree = "<group>";
		};
/* End PBXGroup section */

/* Begin PBXNativeTarget section */
		66F5F14514DB3B300068FD20 /* DependentApp */ = {
			isa = PBXNativeTarget;
			buildConfigurationList = 66F5F15E14DB3B310068FD20 /* Build configuration list for PBXNativeTarget "DependentApp" */;
			buildPhases = (
				66F5F14214DB3B300068FD20 /* Sources */,
				66F5F14314DB3B300068FD20 /* Frameworks */,
				66F5F14414DB3B300068FD20 /* Resources */,
			);
			buildRules = (
			);
			dependencies = (
				664A26E414E33A7500C297E6 /* PBXTargetDependency */,
				66F5F16E14DB3D0F0068FD20 /* PBXTargetDependency */,
			);
			name = DependentApp;
			productName = DependentApp;
			productReference = 66F5F14614DB3B300068FD20 /* DependentApp.app */;
			productType = "com.apple.product-type.application";
		};
/* End PBXNativeTarget section */

/* Begin PBXProject section */
		66F5F13D14DB3B300068FD20 /* Project object */ = {
			isa = PBXProject;
			attributes = {
				LastUpgradeCheck = 0420;
				ORGANIZATIONNAME = Google;
			};
			buildConfigurationList = 66F5F14014DB3B300068FD20 /* Build configuration list for PBXProject "DependentApp" */;
			compatibilityVersion = "Xcode 3.2";
			developmentRegion = English;
			hasScannedForEncodings = 0;
			knownRegions = (
				en,
			);
			mainGroup = 66F5F13B14DB3B300068FD20;
			productRefGroup = 66F5F14714DB3B300068FD20 /* Products */;
			projectDirPath = "";
			projectReferences = (
				{
					ProductGroup = 66F5F16214DB3B380068FD20 /* Products */;
					ProjectRef = 66F5F16114DB3B380068FD20 /* Serenity.xcodeproj */;
				},
			);
			projectRoot = "";
			targets = (
				66F5F14514DB3B300068FD20 /* DependentApp */,
			);
		};
/* End PBXProject section */

/* Begin PBXReferenceProxy section */
		664A26C614E3361500C297E6 /* Serenity.bundle */ = {
			isa = PBXReferenceProxy;
			fileType = wrapper.cfbundle;
			path = Serenity.bundle;
			remoteRef = 664A26C514E3361500C297E6 /* PBXContainerItemProxy */;
			sourceTree = BUILT_PRODUCTS_DIR;
		};
		66F5F16A14DB3B380068FD20 /* libSerenity.a */ = {
			isa = PBXReferenceProxy;
			fileType = archive.ar;
			path = libSerenity.a;
			remoteRef = 66F5F16914DB3B380068FD20 /* PBXContainerItemProxy */;
			sourceTree = BUILT_PRODUCTS_DIR;
		};
/* End PBXReferenceProxy section */

/* Begin PBXResourcesBuildPhase section */
		66F5F14414DB3B300068FD20 /* Resources */ = {
			isa = PBXResourcesBuildPhase;
			buildActionMask = 2147483647;
			files = (
				66F5F15514DB3B310068FD20 /* InfoPlist.strings in Resources */,
				664A26E614E3417F00C297E6 /* Serenity.bundle in Resources */,
			);
			runOnlyForDeploymentPostprocessing = 0;
		};
/* End PBXResourcesBuildPhase section */

/* Begin PBXSourcesBuildPhase section */
		66F5F14214DB3B300068FD20 /* Sources */ = {
			isa = PBXSourcesBuildPhase;
			buildActionMask = 2147483647;
			files = (
				66F5F15714DB3B310068FD20 /* main.m in Sources */,
				66F5F15B14DB3B310068FD20 /* AppDelegate.m in Sources */,
			);
			runOnlyForDeploymentPostprocessing = 0;
		};
/* End PBXSourcesBuildPhase section */

/* Begin PBXTargetDependency section */
		664A26E414E33A7500C297E6 /* PBXTargetDependency */ = {
			isa = PBXTargetDependency;
			name = SerenityResources;
			targetProxy = 664A26E314E33A7500C297E6 /* PBXContainerItemProxy */;
		};
		66F5F16E14DB3D0F0068FD20 /* PBXTargetDependency */ = {
			isa = PBXTargetDependency;
			name = Serenity;
			targetProxy = 66F5F16D14DB3D0F0068FD20 /* PBXContainerItemProxy */;
		};
/* End PBXTargetDependency section */

/* Begin PBXVariantGroup section */
		66F5F15314DB3B310068FD20 /* InfoPlist.strings */ = {
			isa = PBXVariantGroup;
			children = (
				66F5F15414DB3B310068FD20 /* en */,
			);
			name = InfoPlist.strings;
			sourceTree = "<group>";
		};
/* End PBXVariantGroup section */

/* Begin XCBuildConfiguration section */
		66F5F15C14DB3B310068FD20 /* Debug */ = {
			isa = XCBuildConfiguration;
			buildSettings = {
				ALWAYS_SEARCH_USER_PATHS = NO;
				ARCHS = "$(ARCHS_STANDARD_32_BIT)";
				"CODE_SIGN_IDENTITY[sdk=iphoneos*]" = "iPhone Developer";
				COPY_PHASE_STRIP = NO;
				GCC_C_LANGUAGE_STANDARD = gnu99;
				GCC_DYNAMIC_NO_PIC = NO;
				GCC_OPTIMIZATION_LEVEL = 0;
				GCC_PREPROCESSOR_DEFINITIONS = (
					"DEBUG=1",
					"$(inherited)",
				);
				GCC_SYMBOLS_PRIVATE_EXTERN = NO;
				GCC_VERSION = com.apple.compilers.llvm.clang.1_0;
				GCC_WARN_ABOUT_MISSING_PROTOTYPES = YES;
				GCC_WARN_ABOUT_RETURN_TYPE = YES;
				GCC_WARN_UNUSED_VARIABLE = YES;
				IPHONEOS_DEPLOYMENT_TARGET = 5.0;
				SDKROOT = iphoneos;
			};
			name = Debug;
		};
		66F5F15D14DB3B310068FD20 /* Release */ = {
			isa = XCBuildConfiguration;
			buildSettings = {
				ALWAYS_SEARCH_USER_PATHS = NO;
				ARCHS = "$(ARCHS_STANDARD_32_BIT)";
				"CODE_SIGN_IDENTITY[sdk=iphoneos*]" = "iPhone Developer";
				COPY_PHASE_STRIP = YES;
				GCC_C_LANGUAGE_STANDARD = gnu99;
				GCC_VERSION = com.apple.compilers.llvm.clang.1_0;
				GCC_WARN_ABOUT_MISSING_PROTOTYPES = YES;
				GCC_WARN_ABOUT_RETURN_TYPE = YES;
				GCC_WARN_UNUSED_VARIABLE = YES;
				IPHONEOS_DEPLOYMENT_TARGET = 5.0;
				OTHER_CFLAGS = "-DNS_BLOCK_ASSERTIONS=1";
				SDKROOT = iphoneos;
				VALIDATE_PRODUCT = YES;
			};
			name = Release;
		};
		66F5F15F14DB3B310068FD20 /* Debug */ = {
			isa = XCBuildConfiguration;
			buildSettings = {
				GCC_PRECOMPILE_PREFIX_HEADER = YES;
				GCC_PREFIX_HEADER = "DependentApp/DependentApp-Prefix.pch";
				INFOPLIST_FILE = "DependentApp/DependentApp-Info.plist";
				PRODUCT_NAME = "$(TARGET_NAME)";
				WRAPPER_EXTENSION = app;
			};
			name = Debug;
		};
		66F5F16014DB3B310068FD20 /* Release */ = {
			isa = XCBuildConfiguration;
			buildSettings = {
				GCC_PRECOMPILE_PREFIX_HEADER = YES;
				GCC_PREFIX_HEADER = "DependentApp/DependentApp-Prefix.pch";
				INFOPLIST_FILE = "DependentApp/DependentApp-Info.plist";
				PRODUCT_NAME = "$(TARGET_NAME)";
				WRAPPER_EXTENSION = app;
			};
			name = Release;
		};
/* End XCBuildConfiguration section */

/* Begin XCConfigurationList section */
		66F5F14014DB3B300068FD20 /* Build configuration list for PBXProject "DependentApp" */ = {
			isa = XCConfigurationList;
			buildConfigurations = (
				66F5F15C14DB3B310068FD20 /* Debug */,
				66F5F15D14DB3B310068FD20 /* Release */,
			);
			defaultConfigurationIsVisible = 0;
			defaultConfigurationName = Release;
		};
		66F5F15E14DB3B310068FD20 /* Build configuration list for PBXNativeTarget "DependentApp" */ = {
			isa = XCConfigurationList;
			buildConfigurations = (
				66F5F15F14DB3B310068FD20 /* Debug */,
				66F5F16014DB3B310068FD20 /* Release */,
			);
			defaultConfigurationIsVisible = 0;
			defaultConfigurationName = Release;
		};
/* End XCConfigurationList section */
	};
	rootObject = 66F5F13D14DB3B300068FD20 /* Project object */;
}
